{
  "name": "TimerRepo",
  "lockfileVersion": 3,
  "requires": true,
  "packages": {
    "": {
      "dependencies": {
        "cordova-plugin-media": "^7.0.0"
      }
    },
    "node_modules/cordova-plugin-media": {
      "version": "7.0.0",
      "resolved": "https://registry.npmjs.org/cordova-plugin-media/-/cordova-plugin-media-7.0.0.tgz",
      "integrity": "sha512-bnf03ZPii6WSkCTAO0SEDyyVK+q9M3tIR1YbNCh7k7N/sFrXSwo+2Equ+Tgp+u8emlNdawSPmpJtAi/J67Nutg==",
      "engines": {
        "cordovaDependencies": {
          "3.0.0": {
            "cordova-android": ">=6.1.0"
          },
          "4.0.0": {
            "cordova-android": ">=6.3.0"
          },
          "6.0.0": {
            "cordova-android": ">=10.0.0"
          },
          "7.0.0": {
            "cordova-android": ">=12.0.0"
          },
          "8.0.0": {
            "cordova": ">100"
          }
        }
      }
    }
  }
}
